{
  "originHash" : "94cbe453d920b4d6db584e2767ab62845ab041b2e328259e9f435f67877a9e78",
  "pins" : [
    {
      "identity" : "networking",
      "kind" : "remoteSourceControl",
      "location" : "https://github.com/brillcp/Networking",
      "state" : {
        "revision" : "2d8ffc3380c78560bdf3bc71ce65adab2ee354b7",
        "version" : "0.9.1"
      }
    },
    {
      "identity" : "swiftuix",
      "kind" : "remoteSourceControl",
      "location" : "https://github.com/SwiftUIX/SwiftUIX.git",
      "state" : {
        "branch" : "master",
        "revision" : "56175334751a03f80d3a650c497b8525237d4e43"
      }
    }
  ],
  "version" : 3
}
